
Microsoft Visual Studio Solution File, Format Version 12.00
# Visual Studio Version 16
VisualStudioVersion = 16.0.31702.278
MinimumVisualStudioVersion = 10.0.40219.1
Project("{2150E333-8FDC-42A3-9474-1A3956D46DE8}") = "src", "src", "{AA03141C-C0D0-41E6-89B2-6532BB6E244B}"
EndProject
Project("{2150E333-8FDC-42A3-9474-1A3956D46DE8}") = "Building Blocks", "Building Blocks", "{7E7255C1-8C02-4823-822D-2107F5D00723}"
EndProject
Project("{2150E333-8FDC-42A3-9474-1A3956D46DE8}") = "Services", "Services", "{F9BECBF1-4771-4D1E-AE4F-B11332F00DFA}"
EndProject
Project("{2150E333-8FDC-42A3-9474-1A3956D46DE8}") = "Web", "Web", "{C43BBFEF-B22F-4A8B-8630-DE6846DFEF7C}"
EndProject
Project("{2150E333-8FDC-42A3-9474-1A3956D46DE8}") = "Identidade", "Identidade", "{E501A69E-25B8-4E89-AD63-10F9F50989E7}"
EndProject
Project("{FAE04EC0-301F-11D3-BF4B-00C04F79EFBC}") = "NSE.Identidade.API", "src\services\NSE.Identidade.API\NSE.Identidade.API\NSE.Identidade.API.csproj", "{45229575-F1F9-4749-AD89-4F7DF0E56750}"
EndProject
Project("{2150E333-8FDC-42A3-9474-1A3956D46DE8}") = "MVC", "MVC", "{DE4F2505-CB3B-4E8B-B460-C851D46216A9}"
EndProject
Project("{FAE04EC0-301F-11D3-BF4B-00C04F79EFBC}") = "NSE.WebApp.MVC", "src\web\NSE.WebApp.MVC\NSE.WebApp.MVC.csproj", "{E4353C9B-6BBB-4C6B-810B-E026BA56CC21}"
EndProject
Project("{2150E333-8FDC-42A3-9474-1A3956D46DE8}") = "Core", "Core", "{EB939644-F77B-4BB3-B48A-09DF4E3C0F4C}"
EndProject
Project("{FAE04EC0-301F-11D3-BF4B-00C04F79EFBC}") = "NSF.Core", "src\building blocks\NSF.Core\NSF.Core.csproj", "{F043EB56-9FE5-4062-AD5A-5BDF1E729407}"
EndProject
Global
	GlobalSection(SolutionConfigurationPlatforms) = preSolution
		Debug|Any CPU = Debug|Any CPU
		Release|Any CPU = Release|Any CPU
	EndGlobalSection
	GlobalSection(ProjectConfigurationPlatforms) = postSolution
		{45229575-F1F9-4749-AD89-4F7DF0E56750}.Debug|Any CPU.ActiveCfg = Debug|Any CPU
		{45229575-F1F9-4749-AD89-4F7DF0E56750}.Debug|Any CPU.Build.0 = Debug|Any CPU
		{45229575-F1F9-4749-AD89-4F7DF0E56750}.Release|Any CPU.ActiveCfg = Release|Any CPU
		{45229575-F1F9-4749-AD89-4F7DF0E56750}.Release|Any CPU.Build.0 = Release|Any CPU
		{E4353C9B-6BBB-4C6B-810B-E026BA56CC21}.Debug|Any CPU.ActiveCfg = Debug|Any CPU
		{E4353C9B-6BBB-4C6B-810B-E026BA56CC21}.Debug|Any CPU.Build.0 = Debug|Any CPU
		{E4353C9B-6BBB-4C6B-810B-E026BA56CC21}.Release|Any CPU.ActiveCfg = Release|Any CPU
		{E4353C9B-6BBB-4C6B-810B-E026BA56CC21}.Release|Any CPU.Build.0 = Release|Any CPU
		{F043EB56-9FE5-4062-AD5A-5BDF1E729407}.Debug|Any CPU.ActiveCfg = Debug|Any CPU
		{F043EB56-9FE5-4062-AD5A-5BDF1E729407}.Debug|Any CPU.Build.0 = Debug|Any CPU
		{F043EB56-9FE5-4062-AD5A-5BDF1E729407}.Release|Any CPU.ActiveCfg = Release|Any CPU
		{F043EB56-9FE5-4062-AD5A-5BDF1E729407}.Release|Any CPU.Build.0 = Release|Any CPU
	EndGlobalSection
	GlobalSection(SolutionProperties) = preSolution
		HideSolutionNode = FALSE
	EndGlobalSection
	GlobalSection(NestedProjects) = preSolution
		{7E7255C1-8C02-4823-822D-2107F5D00723} = {AA03141C-C0D0-41E6-89B2-6532BB6E244B}
		{F9BECBF1-4771-4D1E-AE4F-B11332F00DFA} = {AA03141C-C0D0-41E6-89B2-6532BB6E244B}
		{C43BBFEF-B22F-4A8B-8630-DE6846DFEF7C} = {AA03141C-C0D0-41E6-89B2-6532BB6E244B}
		{E501A69E-25B8-4E89-AD63-10F9F50989E7} = {F9BECBF1-4771-4D1E-AE4F-B11332F00DFA}
		{45229575-F1F9-4749-AD89-4F7DF0E56750} = {E501A69E-25B8-4E89-AD63-10F9F50989E7}
		{DE4F2505-CB3B-4E8B-B460-C851D46216A9} = {C43BBFEF-B22F-4A8B-8630-DE6846DFEF7C}
		{E4353C9B-6BBB-4C6B-810B-E026BA56CC21} = {DE4F2505-CB3B-4E8B-B460-C851D46216A9}
		{EB939644-F77B-4BB3-B48A-09DF4E3C0F4C} = {7E7255C1-8C02-4823-822D-2107F5D00723}
		{F043EB56-9FE5-4062-AD5A-5BDF1E729407} = {EB939644-F77B-4BB3-B48A-09DF4E3C0F4C}
	EndGlobalSection
	GlobalSection(ExtensibilityGlobals) = postSolution
		SolutionGuid = {20450039-603A-480B-B014-A3F6AB0480F6}
	EndGlobalSection
EndGlobal
